Microsoft Visual Studio Solution File, Format Version 12.00
# Visual Studio 15
Project("{8BC9CEB8-8B4A-11D0-8D11-00A0C91BC942}") = "ALL_BUILD", "ALL_BUILD.vcxproj", "{75D9F170-8D1D-3F05-A64D-2FAB48054E8F}"
	ProjectSection(ProjectDependencies) = postProject
		{DBA23B72-52C9-3AEE-814E-79F8378E13F6} = {DBA23B72-52C9-3AEE-814E-79F8378E13F6}
		{48D49959-F860-3061-A409-1C38B0DF4CC3} = {48D49959-F860-3061-A409-1C38B0DF4CC3}
		{B3F9049E-275B-3A51-B2FD-17B66C4E44F9} = {B3F9049E-275B-3A51-B2FD-17B66C4E44F9}
	EndProjectSection
EndProject
Project("{8BC9CEB8-8B4A-11D0-8D11-00A0C91BC942}") = "Common", "Framework\Common\Common.vcxproj", "{DBA23B72-52C9-3AEE-814E-79F8378E13F6}"
	ProjectSection(ProjectDependencies) = postProject
		{B3F9049E-275B-3A51-B2FD-17B66C4E44F9} = {B3F9049E-275B-3A51-B2FD-17B66C4E44F9}
	EndProjectSection
EndProject
Project("{8BC9CEB8-8B4A-11D0-8D11-00A0C91BC942}") = "Empty", "Empty\Empty.vcxproj", "{48D49959-F860-3061-A409-1C38B0DF4CC3}"
	ProjectSection(ProjectDependencies) = postProject
		{DBA23B72-52C9-3AEE-814E-79F8378E13F6} = {DBA23B72-52C9-3AEE-814E-79F8378E13F6}
		{B3F9049E-275B-3A51-B2FD-17B66C4E44F9} = {B3F9049E-275B-3A51-B2FD-17B66C4E44F9}
	EndProjectSection
EndProject
Project("{8BC9CEB8-8B4A-11D0-8D11-00A0C91BC942}") = "ZERO_CHECK", "ZERO_CHECK.vcxproj", "{B3F9049E-275B-3A51-B2FD-17B66C4E44F9}"
	ProjectSection(ProjectDependencies) = postProject
	EndProjectSection
EndProject
Global
	GlobalSection(SolutionConfigurationPlatforms) = preSolution
		Debug|Win32 = Debug|Win32
		Release|Win32 = Release|Win32
		MinSizeRel|Win32 = MinSizeRel|Win32
		RelWithDebInfo|Win32 = RelWithDebInfo|Win32
	EndGlobalSection
	GlobalSection(ProjectConfigurationPlatforms) = postSolution
		{75D9F170-8D1D-3F05-A64D-2FAB48054E8F}.Debug|Win32.ActiveCfg = Debug|Win32
		{75D9F170-8D1D-3F05-A64D-2FAB48054E8F}.Release|Win32.ActiveCfg = Release|Win32
		{75D9F170-8D1D-3F05-A64D-2FAB48054E8F}.MinSizeRel|Win32.ActiveCfg = MinSizeRel|Win32
		{75D9F170-8D1D-3F05-A64D-2FAB48054E8F}.RelWithDebInfo|Win32.ActiveCfg = RelWithDebInfo|Win32
		{DBA23B72-52C9-3AEE-814E-79F8378E13F6}.Debug|Win32.ActiveCfg = Debug|Win32
		{DBA23B72-52C9-3AEE-814E-79F8378E13F6}.Debug|Win32.Build.0 = Debug|Win32
		{DBA23B72-52C9-3AEE-814E-79F8378E13F6}.Release|Win32.ActiveCfg = Release|Win32
		{DBA23B72-52C9-3AEE-814E-79F8378E13F6}.Release|Win32.Build.0 = Release|Win32
		{DBA23B72-52C9-3AEE-814E-79F8378E13F6}.MinSizeRel|Win32.ActiveCfg = MinSizeRel|Win32
		{DBA23B72-52C9-3AEE-814E-79F8378E13F6}.MinSizeRel|Win32.Build.0 = MinSizeRel|Win32
		{DBA23B72-52C9-3AEE-814E-79F8378E13F6}.RelWithDebInfo|Win32.ActiveCfg = RelWithDebInfo|Win32
		{DBA23B72-52C9-3AEE-814E-79F8378E13F6}.RelWithDebInfo|Win32.Build.0 = RelWithDebInfo|Win32
		{48D49959-F860-3061-A409-1C38B0DF4CC3}.Debug|Win32.ActiveCfg = Debug|Win32
		{48D49959-F860-3061-A409-1C38B0DF4CC3}.Debug|Win32.Build.0 = Debug|Win32
		{48D49959-F860-3061-A409-1C38B0DF4CC3}.Release|Win32.ActiveCfg = Release|Win32
		{48D49959-F860-3061-A409-1C38B0DF4CC3}.Release|Win32.Build.0 = Release|Win32
		{48D49959-F860-3061-A409-1C38B0DF4CC3}.MinSizeRel|Win32.ActiveCfg = MinSizeRel|Win32
		{48D49959-F860-3061-A409-1C38B0DF4CC3}.MinSizeRel|Win32.Build.0 = MinSizeRel|Win32
		{48D49959-F860-3061-A409-1C38B0DF4CC3}.RelWithDebInfo|Win32.ActiveCfg = RelWithDebInfo|Win32
		{48D49959-F860-3061-A409-1C38B0DF4CC3}.RelWithDebInfo|Win32.Build.0 = RelWithDebInfo|Win32
		{B3F9049E-275B-3A51-B2FD-17B66C4E44F9}.Debug|Win32.ActiveCfg = Debug|Win32
		{B3F9049E-275B-3A51-B2FD-17B66C4E44F9}.Debug|Win32.Build.0 = Debug|Win32
		{B3F9049E-275B-3A51-B2FD-17B66C4E44F9}.Release|Win32.ActiveCfg = Release|Win32
		{B3F9049E-275B-3A51-B2FD-17B66C4E44F9}.Release|Win32.Build.0 = Release|Win32
		{B3F9049E-275B-3A51-B2FD-17B66C4E44F9}.MinSizeRel|Win32.ActiveCfg = MinSizeRel|Win32
		{B3F9049E-275B-3A51-B2FD-17B66C4E44F9}.MinSizeRel|Win32.Build.0 = MinSizeRel|Win32
		{B3F9049E-275B-3A51-B2FD-17B66C4E44F9}.RelWithDebInfo|Win32.ActiveCfg = RelWithDebInfo|Win32
		{B3F9049E-275B-3A51-B2FD-17B66C4E44F9}.RelWithDebInfo|Win32.Build.0 = RelWithDebInfo|Win32
	EndGlobalSection
	GlobalSection(ExtensibilityGlobals) = postSolution
		SolutionGuid = {D0CC8F54-2315-3E7F-B390-204C7A01DBC9}
	EndGlobalSection
	GlobalSection(ExtensibilityAddIns) = postSolution
	EndGlobalSection
EndGlobal
